absl-py==0.11.0
astunparse==1.6.3
attrs==20.3.0
aws-sam-translator==1.34.0
aws-xray-sdk==2.6.0
boto==2.49.0
boto3==1.17.3
botocore==1.20.3
cachetools==4.2.1
certifi==2020.12.5
cffi==1.14.5
cfn-lint==0.44.7
chardet==4.0.0
click==7.1.2
cryptography==3.4.4
decorator==4.4.2
docker==4.4.1
ecdsa==0.14.1
flake8==3.8.4
Flask==1.1.2
flatbuffers==1.12
future==0.18.2
gast==0.3.3
google-auth==1.25.0
google-auth-oauthlib==0.4.2
google-pasta==0.2.0
grpcio==1.32.0
h5py==2.10.0
idna==2.10
importlib-metadata==3.4.0
iniconfig==1.1.1
itsdangerous==1.1.0
Jinja2==2.11.3
jmespath==0.10.0
joblib==1.0.0
jsondiff==1.2.0
jsonpatch==1.28
jsonpickle==2.0.0
jsonpointer==2.0
jsonschema==3.2.0
junit-xml==1.9
Keras-Preprocessing==1.1.2
Markdown==3.3.3
MarkupSafe==1.1.1
mccabe==0.6.1
mock==4.0.3
more-itertools==8.7.0
moto==1.3.16
networkx==2.5
numpy==1.19.5
oauthlib==3.1.0
opt-einsum==3.3.0
packaging==20.9
Pillow==8.1.0
pluggy==0.13.1
protobuf==3.14.0
py==1.10.0
pyasn1==0.4.8
pyasn1-modules==0.2.8
pycodestyle==2.6.0
pycparser==2.20
pyflakes==2.2.0
pyparsing==2.4.7
pyrsistent==0.17.3
pytest==6.2.2
python-dateutil==2.8.1
python-dotenv==0.15.0
python-jose==3.2.0
pytz==2021.1
PyYAML==5.4.1
requests==2.25.1
requests-oauthlib==1.3.0
responses==0.12.1
rsa==4.7
s3transfer==0.3.4
scikit-learn==0.24.1
scipy==1.6.0
six==1.15.0
sshpubkeys==3.3.1
tensorboard==2.4.1
tensorboard-plugin-wit==1.8.0
tensorflow==2.4.1
tensorflow-estimator==2.4.0
termcolor==1.1.0
threadpoolctl==2.1.0
toml==0.10.2
tqdm==4.56.2
typing-extensions==3.7.4.3
urllib3==1.26.3
uWSGI==2.0.19.1
websocket-client==0.57.0
Werkzeug==1.0.1
wrapt==1.12.1
xmltodict==0.12.0
zipp==3.4.0
